# THIS IS AN AUTOGENERATED FILE. DO NOT EDIT THIS FILE DIRECTLY.
# yarn lockfile v1


"@openzeppelin/contracts-upgradeable-v4@npm:@openzeppelin/contracts-upgradeable@4.9.6":
  version "4.9.6"
  resolved "https://registry.yarnpkg.com/@openzeppelin/contracts-upgradeable/-/contracts-upgradeable-4.9.6.tgz#38b21708a719da647de4bb0e4802ee235a0d24df"
  integrity sha512-m4iHazOsOCv1DgM7eD7GupTJ+NFVujRZt1wzddDPSVGpWdKq1SKkla5htKG7+IS4d2XOCtzkUNwRZ7Vq5aEUMA==

"@openzeppelin/contracts-upgradeable@5.0.1":
  version "5.0.1"
  resolved "https://registry.yarnpkg.com/@openzeppelin/contracts-upgradeable/-/contracts-upgradeable-5.0.1.tgz#ebc163cbed2de6b8b69bff628261d18deb912a81"
  integrity sha512-MvaLoPnVcoZr/qqZP+4cl9piuR4gg0iIGgxVSZ/AL1iId3M6IdEHzz9Naw5Lirl4KKBI6ciTVnX07yL4dOMIJg==

"@openzeppelin/contracts-upgradeable@5.0.2", "@openzeppelin/contracts-upgradeable@^5.0.2":
  version "5.0.2"
  resolved "https://registry.yarnpkg.com/@openzeppelin/contracts-upgradeable/-/contracts-upgradeable-5.0.2.tgz#3e5321a2ecdd0b206064356798c21225b6ec7105"
  integrity sha512-0MmkHSHiW2NRFiT9/r5Lu4eJq5UJ4/tzlOgYXNAIj/ONkQTVnz22pLxDvp4C4uZ9he7ZFvGn3Driptn1/iU7tQ==

"@openzeppelin/contracts@5.0.1":
  version "5.0.1"
  resolved "https://registry.yarnpkg.com/@openzeppelin/contracts/-/contracts-5.0.1.tgz#93da90fc209a0a4ff09c1deb037fbb35e4020890"
  integrity sha512-yQJaT5HDp9hYOOp4jTYxMsR02gdFZFXhewX5HW9Jo4fsqSVqqyIO/xTHdWDaKX5a3pv1txmf076Lziz+sO7L1w==

"@openzeppelin/contracts@5.0.2", "@openzeppelin/contracts@^5.0.2":
  version "5.0.2"
  resolved "https://registry.yarnpkg.com/@openzeppelin/contracts/-/contracts-5.0.2.tgz#b1d03075e49290d06570b2fd42154d76c2a5d210"
  integrity sha512-ytPc6eLGcHHnapAZ9S+5qsdomhjo6QBHTDRRBFfTxXIpsicMhVPouPgmUPebZZZGX7vt9USA+Z+0M0dSVtSUEA==

"@story-protocol/create3-deployer@github:storyprotocol/create3-deployer#main":
  version "0.0.0"
  resolved "https://codeload.github.com/storyprotocol/create3-deployer/tar.gz/094147bda866490dd1c3e8261bb3dfee65e7af54"

"@story-protocol/protocol-core@github:storyprotocol/protocol-core-v1#v1.2.1":
  version "1.1.0"
  resolved "https://codeload.github.com/storyprotocol/protocol-core-v1/tar.gz/73f655e191195e27bc55c97520f8a97d768f19b6"
  dependencies:
    "@openzeppelin/contracts" "5.0.2"
    "@openzeppelin/contracts-upgradeable" "5.0.2"
    "@openzeppelin/contracts-upgradeable-v4" "npm:@openzeppelin/contracts-upgradeable@4.9.6"
    erc6551 "^0.3.1"
    solady "^0.0.192"

"@story-protocol/protocol-core@https://github.com/storyprotocol/protocol-core-v1#v1.2.1":
  version "1.1.0"
  resolved "https://github.com/storyprotocol/protocol-core-v1#73f655e191195e27bc55c97520f8a97d768f19b6"
  dependencies:
    "@openzeppelin/contracts" "5.0.2"
    "@openzeppelin/contracts-upgradeable" "5.0.2"
    "@openzeppelin/contracts-upgradeable-v4" "npm:@openzeppelin/contracts-upgradeable@4.9.6"
    erc6551 "^0.3.1"
    solady "^0.0.192"

"@story-protocol/protocol-periphery@https://github.com/storyprotocol/protocol-periphery-v1#v1.2.1":
  version "1.2.1"
  resolved "https://github.com/storyprotocol/protocol-periphery-v1#08499bb5336c3b30ade85832749ab8e74904ed55"
  dependencies:
    "@openzeppelin/contracts" "5.0.1"
    "@openzeppelin/contracts-upgradeable" "5.0.1"
    "@story-protocol/create3-deployer" "github:storyprotocol/create3-deployer#main"
    "@story-protocol/protocol-core" "github:storyprotocol/protocol-core-v1#v1.2.1"
    erc6551 "^0.3.1"
    solady "^0.0.192"

"ds-test@https://github.com/dapphub/ds-test":
  version "1.0.0"
  resolved "https://github.com/dapphub/ds-test#e282159d5170298eb2455a6c05280ab5a73a4ef0"

erc6551@^0.3.1:
  version "0.3.1"
  resolved "https://registry.yarnpkg.com/erc6551/-/erc6551-0.3.1.tgz#f9ccc0901c210b0cc29c1c730398878319a1fd30"
  integrity sha512-4+O7CJ5gn3/s2Mum1QiJDJUbGE1P1m0t3do2nnFAKWEXLubWfZjS12HqraUJ6Y6su3WJ8EqdWm0270gC0bqpCA==

"forge-std@github:foundry-rs/forge-std#v1.7.6":
  version "1.7.6"
  resolved "https://codeload.github.com/foundry-rs/forge-std/tar.gz/ae570fec082bfe1c1f45b0acca4a2b4f84d345ce"

solady@^0.0.192:
  version "0.0.192"
  resolved "https://registry.yarnpkg.com/solady/-/solady-0.0.192.tgz#f80ea061903ba1914d2c96c3c69f53d66865f88f"
  integrity sha512-96A4dhYkSB/xUyZIuc6l8RMbQ+nqk7GFr0hEci7/64D3G63Ial06puqXA14ZVy/xFe8nzBJbz3Mxssn7SH/1Ag==
